
Microsoft Visual Studio Solution File, Format Version 12.00
# Visual Studio Version 17
VisualStudioVersion = 17.4.33213.308
MinimumVisualStudioVersion = 10.0.40219.1
Project("{FAE04EC0-301F-11D3-BF4B-00C04F79EFBC}") = "DMS_WepApi", "DMS_WepApi\DMS_WepApi.csproj", "{963C368C-1EBA-4201-8ED9-86A2DE9F42F2}"
EndProject
Project("{FAE04EC0-301F-11D3-BF4B-00C04F79EFBC}") = "DMS_DAL", "DMS_DAL\DMS_DAL.csproj", "{DF04FF6E-0C6F-4631-AD60-E54FE64EAD1D}"
EndProject
Project("{FAE04EC0-301F-11D3-BF4B-00C04F79EFBC}") = "DMS_BOL", "DMS_BOL\DMS_BOL.csproj", "{F6557F1C-031E-4937-B297-AFD6D4BB542F}"
EndProject
Project("{FAE04EC0-301F-11D3-BF4B-00C04F79EFBC}") = "DMS_BLL", "DMS_BLL\DMS_BLL.csproj", "{31184EDA-6AD8-4DF9-9E0A-BAF41B214FE3}"
EndProject
Global
	GlobalSection(SolutionConfigurationPlatforms) = preSolution
		Debug|Any CPU = Debug|Any CPU
		Release|Any CPU = Release|Any CPU
	EndGlobalSection
	GlobalSection(ProjectConfigurationPlatforms) = postSolution
		{963C368C-1EBA-4201-8ED9-86A2DE9F42F2}.Debug|Any CPU.ActiveCfg = Debug|Any CPU
		{963C368C-1EBA-4201-8ED9-86A2DE9F42F2}.Debug|Any CPU.Build.0 = Debug|Any CPU
		{963C368C-1EBA-4201-8ED9-86A2DE9F42F2}.Release|Any CPU.ActiveCfg = Release|Any CPU
		{963C368C-1EBA-4201-8ED9-86A2DE9F42F2}.Release|Any CPU.Build.0 = Release|Any CPU
		{DF04FF6E-0C6F-4631-AD60-E54FE64EAD1D}.Debug|Any CPU.ActiveCfg = Debug|Any CPU
		{DF04FF6E-0C6F-4631-AD60-E54FE64EAD1D}.Debug|Any CPU.Build.0 = Debug|Any CPU
		{DF04FF6E-0C6F-4631-AD60-E54FE64EAD1D}.Release|Any CPU.ActiveCfg = Release|Any CPU
		{DF04FF6E-0C6F-4631-AD60-E54FE64EAD1D}.Release|Any CPU.Build.0 = Release|Any CPU
		{F6557F1C-031E-4937-B297-AFD6D4BB542F}.Debug|Any CPU.ActiveCfg = Debug|Any CPU
		{F6557F1C-031E-4937-B297-AFD6D4BB542F}.Debug|Any CPU.Build.0 = Debug|Any CPU
		{F6557F1C-031E-4937-B297-AFD6D4BB542F}.Release|Any CPU.ActiveCfg = Release|Any CPU
		{F6557F1C-031E-4937-B297-AFD6D4BB542F}.Release|Any CPU.Build.0 = Release|Any CPU
		{31184EDA-6AD8-4DF9-9E0A-BAF41B214FE3}.Debug|Any CPU.ActiveCfg = Debug|Any CPU
		{31184EDA-6AD8-4DF9-9E0A-BAF41B214FE3}.Debug|Any CPU.Build.0 = Debug|Any CPU
		{31184EDA-6AD8-4DF9-9E0A-BAF41B214FE3}.Release|Any CPU.ActiveCfg = Release|Any CPU
		{31184EDA-6AD8-4DF9-9E0A-BAF41B214FE3}.Release|Any CPU.Build.0 = Release|Any CPU
	EndGlobalSection
	GlobalSection(SolutionProperties) = preSolution
		HideSolutionNode = FALSE
	EndGlobalSection
	GlobalSection(ExtensibilityGlobals) = postSolution
		SolutionGuid = {523B12A3-EBAA-4101-BD67-B51D4D44D0A7}
	EndGlobalSection
EndGlobal
